
Microsoft Visual Studio Solution File, Format Version 12.00
# Visual Studio 14
VisualStudioVersion = 14.0.24720.0
MinimumVisualStudioVersion = 10.0.40219.1
Project("{8BC9CEB8-8B4A-11D0-8D11-00A0C91BC942}") = "MessageBox", "MESSAGEBOX\MESSAGEBOX.vcxproj", "{9A0B2381-DB1A-404A-B6FD-6C4C27644D7C}"
EndProject
Project("{8BC9CEB8-8B4A-11D0-8D11-00A0C91BC942}") = "Injector", "INJECTOR\INJECTOR.vcxproj", "{75722F34-D63C-4929-96EE-E11941AADAAF}"
EndProject
Project("{8BC9CEB8-8B4A-11D0-8D11-00A0C91BC942}") = "MessageBox-Hook", "MessageBox-Hook\MessageBox-Hook.vcxproj", "{8EDA2412-6BE9-4CAF-8A64-5689660CFE9E}"
EndProject
Global
	GlobalSection(SolutionConfigurationPlatforms) = preSolution
		Debug|ARM = Debug|ARM
		Debug|x64 = Debug|x64
		Debug|x86 = Debug|x86
		Release|ARM = Release|ARM
		Release|x64 = Release|x64
		Release|x86 = Release|x86
	EndGlobalSection
	GlobalSection(ProjectConfigurationPlatforms) = postSolution
		{9A0B2381-DB1A-404A-B6FD-6C4C27644D7C}.Debug|ARM.ActiveCfg = Debug|Win32
		{9A0B2381-DB1A-404A-B6FD-6C4C27644D7C}.Debug|x64.ActiveCfg = Debug|x64
		{9A0B2381-DB1A-404A-B6FD-6C4C27644D7C}.Debug|x64.Build.0 = Debug|x64
		{9A0B2381-DB1A-404A-B6FD-6C4C27644D7C}.Debug|x86.ActiveCfg = Debug|Win32
		{9A0B2381-DB1A-404A-B6FD-6C4C27644D7C}.Debug|x86.Build.0 = Debug|Win32
		{9A0B2381-DB1A-404A-B6FD-6C4C27644D7C}.Release|ARM.ActiveCfg = Release|Win32
		{9A0B2381-DB1A-404A-B6FD-6C4C27644D7C}.Release|x64.ActiveCfg = Release|x64
		{9A0B2381-DB1A-404A-B6FD-6C4C27644D7C}.Release|x64.Build.0 = Release|x64
		{9A0B2381-DB1A-404A-B6FD-6C4C27644D7C}.Release|x86.ActiveCfg = Release|Win32
		{9A0B2381-DB1A-404A-B6FD-6C4C27644D7C}.Release|x86.Build.0 = Release|Win32
		{75722F34-D63C-4929-96EE-E11941AADAAF}.Debug|ARM.ActiveCfg = Debug|Win32
		{75722F34-D63C-4929-96EE-E11941AADAAF}.Debug|x64.ActiveCfg = Debug|x64
		{75722F34-D63C-4929-96EE-E11941AADAAF}.Debug|x64.Build.0 = Debug|x64
		{75722F34-D63C-4929-96EE-E11941AADAAF}.Debug|x86.ActiveCfg = Debug|Win32
		{75722F34-D63C-4929-96EE-E11941AADAAF}.Debug|x86.Build.0 = Debug|Win32
		{75722F34-D63C-4929-96EE-E11941AADAAF}.Release|ARM.ActiveCfg = Release|Win32
		{75722F34-D63C-4929-96EE-E11941AADAAF}.Release|x64.ActiveCfg = Release|x64
		{75722F34-D63C-4929-96EE-E11941AADAAF}.Release|x64.Build.0 = Release|x64
		{75722F34-D63C-4929-96EE-E11941AADAAF}.Release|x86.ActiveCfg = Release|Win32
		{75722F34-D63C-4929-96EE-E11941AADAAF}.Release|x86.Build.0 = Release|Win32
		{8EDA2412-6BE9-4CAF-8A64-5689660CFE9E}.Debug|ARM.ActiveCfg = Debug|Win32
		{8EDA2412-6BE9-4CAF-8A64-5689660CFE9E}.Debug|x64.ActiveCfg = Debug|x64
		{8EDA2412-6BE9-4CAF-8A64-5689660CFE9E}.Debug|x64.Build.0 = Debug|x64
		{8EDA2412-6BE9-4CAF-8A64-5689660CFE9E}.Debug|x86.ActiveCfg = Debug|Win32
		{8EDA2412-6BE9-4CAF-8A64-5689660CFE9E}.Debug|x86.Build.0 = Debug|Win32
		{8EDA2412-6BE9-4CAF-8A64-5689660CFE9E}.Release|ARM.ActiveCfg = Release|Win32
		{8EDA2412-6BE9-4CAF-8A64-5689660CFE9E}.Release|x64.ActiveCfg = Release|x64
		{8EDA2412-6BE9-4CAF-8A64-5689660CFE9E}.Release|x64.Build.0 = Release|x64
		{8EDA2412-6BE9-4CAF-8A64-5689660CFE9E}.Release|x86.ActiveCfg = Release|Win32
		{8EDA2412-6BE9-4CAF-8A64-5689660CFE9E}.Release|x86.Build.0 = Release|Win32
	EndGlobalSection
	GlobalSection(SolutionProperties) = preSolution
		HideSolutionNode = FALSE
	EndGlobalSection
EndGlobal
